// !$*UTF8*$!
{
	archiveVersion = 1;
	classes = {
	};
	objectVersion = 46;
	objects = {

/* Begin PBXBuildFile section */
		00C302E51ABCBA2D00DB3ED1 /* libRCTActionSheet.a in Frameworks */ = {isa = PBXBuildFile; fileRef = 00C302AC1ABCB8CE00DB3ED1 /* libRCTActionSheet.a */; };
		00C302E71ABCBA2D00DB3ED1 /* libRCTGeolocation.a in Frameworks */ = {isa = PBXBuildFile; fileRef = 00C302BA1ABCB90400DB3ED1 /* libRCTGeolocation.a */; };
		00C302E81ABCBA2D00DB3ED1 /* libRCTImage.a in Frameworks */ = {isa = PBXBuildFile; fileRef = 00C302C01ABCB91800DB3ED1 /* libRCTImage.a */; };
		00C302E91ABCBA2D00DB3ED1 /* libRCTNetwork.a in Frameworks */ = {isa = PBXBuildFile; fileRef = 00C302DC1ABCB9D200DB3ED1 /* libRCTNetwork.a */; };
		00C302EA1ABCBA2D00DB3ED1 /* libRCTVibration.a in Frameworks */ = {isa = PBXBuildFile; fileRef = 00C302E41ABCB9EE00DB3ED1 /* libRCTVibration.a */; };
		133E29F31AD74F7200F7D852 /* libRCTLinking.a in Frameworks */ = {isa = PBXBuildFile; fileRef = 78C398B91ACF4ADC00677621 /* libRCTLinking.a */; };
		139105C61AF99C1200B5F7CC /* libRCTSettings.a in Frameworks */ = {isa = PBXBuildFile; fileRef = 139105C11AF99BAD00B5F7CC /* libRCTSettings.a */; };
		139FDEF61B0652A700C62182 /* libRCTWebSocket.a in Frameworks */ = {isa = PBXBuildFile; fileRef = 139FDEF41B06529B00C62182 /* libRCTWebSocket.a */; };
		146834051AC3E58100842450 /* libReact.a in Frameworks */ = {isa = PBXBuildFile; fileRef = 146834041AC3E56700842450 /* libReact.a */; };
		2F4BB8A81D803C5A873BF8A4 /* libPods-TreasureHunt.a in Frameworks */ = {isa = PBXBuildFile; fileRef = 2B7C0C590C0050E4EAE575B9 /* libPods-TreasureHunt.a */; };
		526ACA5F1D8F7EB300251431 /* AppDelegate.m in Sources */ = {isa = PBXBuildFile; fileRef = 526ACA5A1D8F7EB300251431 /* AppDelegate.m */; };
		526ACA601D8F7EB300251431 /* Base.lproj in Resources */ = {isa = PBXBuildFile; fileRef = 526ACA5B1D8F7EB300251431 /* Base.lproj */; };
		526ACA611D8F7EB300251431 /* Images.xcassets in Resources */ = {isa = PBXBuildFile; fileRef = 526ACA5C1D8F7EB300251431 /* Images.xcassets */; };
		526ACA621D8F7EB300251431 /* Info.plist in Resources */ = {isa = PBXBuildFile; fileRef = 526ACA5D1D8F7EB300251431 /* Info.plist */; };
		526ACA631D8F7EB300251431 /* main.m in Sources */ = {isa = PBXBuildFile; fileRef = 526ACA5E1D8F7EB300251431 /* main.m */; };
		52A227C81D8F325B0066FD73 /* Bolts.framework in Frameworks */ = {isa = PBXBuildFile; fileRef = 52A227C71D8F325B0066FD73 /* Bolts.framework */; };
		52CC17F11D8F415600BAB55C /* MuseoSlab.otf in Resources */ = {isa = PBXBuildFile; fileRef = 52D2D0A11D8F27A500F294B8 /* MuseoSlab.otf */; };
		52CC17F21D8F415600BAB55C /* Verlag-Black.ttf in Resources */ = {isa = PBXBuildFile; fileRef = 52D2D0841D8F275700F294B8 /* Verlag-Black.ttf */; };
		52CC17F31D8F415600BAB55C /* Verlag-BlackItalic.ttf in Resources */ = {isa = PBXBuildFile; fileRef = 52D2D0851D8F275700F294B8 /* Verlag-BlackItalic.ttf */; };
		52CC17F41D8F415600BAB55C /* Verlag-Bold.ttf in Resources */ = {isa = PBXBuildFile; fileRef = 52D2D0861D8F275700F294B8 /* Verlag-Bold.ttf */; };
		52CC17F51D8F415600BAB55C /* Verlag-BoldItalic.ttf in Resources */ = {isa = PBXBuildFile; fileRef = 52D2D0871D8F275700F294B8 /* Verlag-BoldItalic.ttf */; };
		52CC17F61D8F415600BAB55C /* Verlag-Book.ttf in Resources */ = {isa = PBXBuildFile; fileRef = 52D2D0881D8F275700F294B8 /* Verlag-Book.ttf */; };
		52CC17F71D8F415600BAB55C /* Verlag-BookItalic.ttf in Resources */ = {isa = PBXBuildFile; fileRef = 52D2D0891D8F275700F294B8 /* Verlag-BookItalic.ttf */; };
		52CC17F81D8F415600BAB55C /* Verlag-Light.ttf in Resources */ = {isa = PBXBuildFile; fileRef = 52D2D08A1D8F275700F294B8 /* Verlag-Light.ttf */; };
		52CC17F91D8F415600BAB55C /* Verlag-LightItalic.ttf in Resources */ = {isa = PBXBuildFile; fileRef = 52D2D08B1D8F275700F294B8 /* Verlag-LightItalic.ttf */; };
		52CC17FA1D8F415600BAB55C /* Verlag-XLight.ttf in Resources */ = {isa = PBXBuildFile; fileRef = 52D2D08C1D8F275700F294B8 /* Verlag-XLight.ttf */; };
		52CC17FB1D8F415600BAB55C /* Verlag-XLightItalic.ttf in Resources */ = {isa = PBXBuildFile; fileRef = 52D2D08D1D8F275700F294B8 /* Verlag-XLightItalic.ttf */; };
		52CC17FC1D8F415600BAB55C /* VerlagCondensed-Black.ttf in Resources */ = {isa = PBXBuildFile; fileRef = 52D2D08E1D8F275700F294B8 /* VerlagCondensed-Black.ttf */; };
		52CC17FD1D8F415600BAB55C /* VerlagCondensed-BlackItalic.ttf in Resources */ = {isa = PBXBuildFile; fileRef = 52D2D08F1D8F275700F294B8 /* VerlagCondensed-BlackItalic.ttf */; };
		52CC17FE1D8F415600BAB55C /* VerlagCondensed-Bold.ttf in Resources */ = {isa = PBXBuildFile; fileRef = 52D2D0901D8F275700F294B8 /* VerlagCondensed-Bold.ttf */; };
		52CC17FF1D8F415600BAB55C /* VerlagCondensed-BoldItalic.ttf in Resources */ = {isa = PBXBuildFile; fileRef = 52D2D0911D8F275700F294B8 /* VerlagCondensed-BoldItalic.ttf */; };
		52CC18001D8F415600BAB55C /* VerlagCondensed-Book.ttf in Resources */ = {isa = PBXBuildFile; fileRef = 52D2D0921D8F275700F294B8 /* VerlagCondensed-Book.ttf */; };
		52CC18011D8F415600BAB55C /* VerlagCondensed-BookItalic.ttf in Resources */ = {isa = PBXBuildFile; fileRef = 52D2D0931D8F275700F294B8 /* VerlagCondensed-BookItalic.ttf */; };
		52CC18021D8F415600BAB55C /* VerlagCondensed-Light.ttf in Resources */ = {isa = PBXBuildFile; fileRef = 52D2D0941D8F275700F294B8 /* VerlagCondensed-Light.ttf */; };
		52CC18031D8F415600BAB55C /* VerlagCondensed-LightItalic.ttf in Resources */ = {isa = PBXBuildFile; fileRef = 52D2D0951D8F275700F294B8 /* VerlagCondensed-LightItalic.ttf */; };
		52CC18041D8F415600BAB55C /* VerlagCondensed-XLight.ttf in Resources */ = {isa = PBXBuildFile; fileRef = 52D2D0961D8F275700F294B8 /* VerlagCondensed-XLight.ttf */; };
		52D2D06E1D8F241400F294B8 /* Fabric.framework in Frameworks */ = {isa = PBXBuildFile; fileRef = 52D2D06C1D8F241400F294B8 /* Fabric.framework */; };
		52D2D06F1D8F241400F294B8 /* Crashlytics.framework in Frameworks */ = {isa = PBXBuildFile; fileRef = 52D2D06D1D8F241400F294B8 /* Crashlytics.framework */; };
		52D2D0AE1D8F27D500F294B8 /* GoogleService-Info.plist in Resources */ = {isa = PBXBuildFile; fileRef = 52D2D0AD1D8F27D500F294B8 /* GoogleService-Info.plist */; };
		52D2D0B51D8F2E0C00F294B8 /* libRCTFBLogin.a in Frameworks */ = {isa = PBXBuildFile; fileRef = 52D2D0B41D8F2E0000F294B8 /* libRCTFBLogin.a */; };
		52D2D0D11D8F311E00F294B8 /* FBSDKCoreKit.framework in Frameworks */ = {isa = PBXBuildFile; fileRef = 52D2D0CE1D8F311E00F294B8 /* FBSDKCoreKit.framework */; };
		52D2D0D21D8F311E00F294B8 /* FBSDKLoginKit.framework in Frameworks */ = {isa = PBXBuildFile; fileRef = 52D2D0CF1D8F311E00F294B8 /* FBSDKLoginKit.framework */; };
		52D2D0D31D8F311E00F294B8 /* FBSDKShareKit.framework in Frameworks */ = {isa = PBXBuildFile; fileRef = 52D2D0D01D8F311E00F294B8 /* FBSDKShareKit.framework */; };
		832341BD1AAA6AB300B99B32 /* libRCTText.a in Frameworks */ = {isa = PBXBuildFile; fileRef = 832341B51AAA6A8300B99B32 /* libRCTText.a */; };
/* End PBXBuildFile section */

/* Begin PBXContainerItemProxy section */
		00C302AB1ABCB8CE00DB3ED1 /* PBXContainerItemProxy */ = {
			isa = PBXContainerItemProxy;
			containerPortal = 00C302A71ABCB8CE00DB3ED1 /* RCTActionSheet.xcodeproj */;
			proxyType = 2;
			remoteGlobalIDString = 134814201AA4EA6300B7C361;
			remoteInfo = RCTActionSheet;
		};
		00C302B91ABCB90400DB3ED1 /* PBXContainerItemProxy */ = {
			isa = PBXContainerItemProxy;
			containerPortal = 00C302B51ABCB90400DB3ED1 /* RCTGeolocation.xcodeproj */;
			proxyType = 2;
			remoteGlobalIDString = 134814201AA4EA6300B7C361;
			remoteInfo = RCTGeolocation;
		};
		00C302BF1ABCB91800DB3ED1 /* PBXContainerItemProxy */ = {
			isa = PBXContainerItemProxy;
			containerPortal = 00C302BB1ABCB91800DB3ED1 /* RCTImage.xcodeproj */;
			proxyType = 2;
			remoteGlobalIDString = 58B5115D1A9E6B3D00147676;
			remoteInfo = RCTImage;
		};
		00C302DB1ABCB9D200DB3ED1 /* PBXContainerItemProxy */ = {
			isa = PBXContainerItemProxy;
			containerPortal = 00C302D31ABCB9D200DB3ED1 /* RCTNetwork.xcodeproj */;
			proxyType = 2;
			remoteGlobalIDString = 58B511DB1A9E6C8500147676;
			remoteInfo = RCTNetwork;
		};
		00C302E31ABCB9EE00DB3ED1 /* PBXContainerItemProxy */ = {
			isa = PBXContainerItemProxy;
			containerPortal = 00C302DF1ABCB9EE00DB3ED1 /* RCTVibration.xcodeproj */;
			proxyType = 2;
			remoteGlobalIDString = 832C81801AAF6DEF007FA2F7;
			remoteInfo = RCTVibration;
		};
		139105C01AF99BAD00B5F7CC /* PBXContainerItemProxy */ = {
			isa = PBXContainerItemProxy;
			containerPortal = 139105B61AF99BAD00B5F7CC /* RCTSettings.xcodeproj */;
			proxyType = 2;
			remoteGlobalIDString = 134814201AA4EA6300B7C361;
			remoteInfo = RCTSettings;
		};
		139FDEF31B06529B00C62182 /* PBXContainerItemProxy */ = {
			isa = PBXContainerItemProxy;
			containerPortal = 139FDEE61B06529A00C62182 /* RCTWebSocket.xcodeproj */;
			proxyType = 2;
			remoteGlobalIDString = 3C86DF461ADF2C930047B81A;
			remoteInfo = RCTWebSocket;
		};
		146834031AC3E56700842450 /* PBXContainerItemProxy */ = {
			isa = PBXContainerItemProxy;
			containerPortal = 146833FF1AC3E56700842450 /* React.xcodeproj */;
			proxyType = 2;
			remoteGlobalIDString = 83CBBA2E1A601D0E00E9B192;
			remoteInfo = React;
		};
		52D2D0B31D8F2E0000F294B8 /* PBXContainerItemProxy */ = {
			isa = PBXContainerItemProxy;
			containerPortal = 52D2D0AF1D8F2E0000F294B8 /* RCTFBLogin.xcodeproj */;
			proxyType = 2;
			remoteGlobalIDString = 4F3A6B5B1ACFBCC500CA65F7;
			remoteInfo = RCTFBLogin;
		};
		78C398B81ACF4ADC00677621 /* PBXContainerItemProxy */ = {
			isa = PBXContainerItemProxy;
			containerPortal = 78C398B01ACF4ADC00677621 /* RCTLinking.xcodeproj */;
			proxyType = 2;
			remoteGlobalIDString = 134814201AA4EA6300B7C361;
			remoteInfo = RCTLinking;
		};
		832341B41AAA6A8300B99B32 /* PBXContainerItemProxy */ = {
			isa = PBXContainerItemProxy;
			containerPortal = 832341B01AAA6A8300B99B32 /* RCTText.xcodeproj */;
			proxyType = 2;
			remoteGlobalIDString = 58B5119B1A9E6C1200147676;
			remoteInfo = RCTText;
		};
/* End PBXContainerItemProxy section */

/* Begin PBXFileReference section */
		00C302A71ABCB8CE00DB3ED1 /* RCTActionSheet.xcodeproj */ = {isa = PBXFileReference; lastKnownFileType = "wrapper.pb-project"; name = RCTActionSheet.xcodeproj; path = "../node_modules/react-native/Libraries/ActionSheetIOS/RCTActionSheet.xcodeproj"; sourceTree = "<group>"; };
		00C302B51ABCB90400DB3ED1 /* RCTGeolocation.xcodeproj */ = {isa = PBXFileReference; lastKnownFileType = "wrapper.pb-project"; name = RCTGeolocation.xcodeproj; path = "../node_modules/react-native/Libraries/Geolocation/RCTGeolocation.xcodeproj"; sourceTree = "<group>"; };
		00C302BB1ABCB91800DB3ED1 /* RCTImage.xcodeproj */ = {isa = PBXFileReference; lastKnownFileType = "wrapper.pb-project"; name = RCTImage.xcodeproj; path = "../node_modules/react-native/Libraries/Image/RCTImage.xcodeproj"; sourceTree = "<group>"; };
		00C302D31ABCB9D200DB3ED1 /* RCTNetwork.xcodeproj */ = {isa = PBXFileReference; lastKnownFileType = "wrapper.pb-project"; name = RCTNetwork.xcodeproj; path = "../node_modules/react-native/Libraries/Network/RCTNetwork.xcodeproj"; sourceTree = "<group>"; };
		00C302DF1ABCB9EE00DB3ED1 /* RCTVibration.xcodeproj */ = {isa = PBXFileReference; lastKnownFileType = "wrapper.pb-project"; name = RCTVibration.xcodeproj; path = "../node_modules/react-native/Libraries/Vibration/RCTVibration.xcodeproj"; sourceTree = "<group>"; };
		139105B61AF99BAD00B5F7CC /* RCTSettings.xcodeproj */ = {isa = PBXFileReference; lastKnownFileType = "wrapper.pb-project"; name = RCTSettings.xcodeproj; path = "../node_modules/react-native/Libraries/Settings/RCTSettings.xcodeproj"; sourceTree = "<group>"; };
		139FDEE61B06529A00C62182 /* RCTWebSocket.xcodeproj */ = {isa = PBXFileReference; lastKnownFileType = "wrapper.pb-project"; name = RCTWebSocket.xcodeproj; path = "../node_modules/react-native/Libraries/WebSocket/RCTWebSocket.xcodeproj"; sourceTree = "<group>"; };
		13B07F961A680F5B00A75B9A /* TreasureHunt.app */ = {isa = PBXFileReference; explicitFileType = wrapper.application; includeInIndex = 0; path = TreasureHunt.app; sourceTree = BUILT_PRODUCTS_DIR; };
		146833FF1AC3E56700842450 /* React.xcodeproj */ = {isa = PBXFileReference; lastKnownFileType = "wrapper.pb-project"; name = React.xcodeproj; path = "../node_modules/react-native/React/React.xcodeproj"; sourceTree = "<group>"; };
		16AD41EE5CD870C17BFE39EA /* Pods-treasurehuntTests.debug.xcconfig */ = {isa = PBXFileReference; includeInIndex = 1; lastKnownFileType = text.xcconfig; name = "Pods-treasurehuntTests.debug.xcconfig"; path = "Pods/Target Support Files/Pods-treasurehuntTests/Pods-treasurehuntTests.debug.xcconfig"; sourceTree = "<group>"; };
		2B7C0C590C0050E4EAE575B9 /* libPods-TreasureHunt.a */ = {isa = PBXFileReference; explicitFileType = archive.ar; includeInIndex = 0; path = "libPods-TreasureHunt.a"; sourceTree = BUILT_PRODUCTS_DIR; };
		2DFC0693F465DFD0ADE87517 /* libPods-treasurehuntTests.a */ = {isa = PBXFileReference; explicitFileType = archive.ar; includeInIndex = 0; path = "libPods-treasurehuntTests.a"; sourceTree = BUILT_PRODUCTS_DIR; };
		346C8F9411A7C8F317AA5D47 /* Pods-Treasure Hunt.debug.xcconfig */ = {isa = PBXFileReference; includeInIndex = 1; lastKnownFileType = text.xcconfig; name = "Pods-Treasure Hunt.debug.xcconfig"; path = "Pods/Target Support Files/Pods-Treasure Hunt/Pods-Treasure Hunt.debug.xcconfig"; sourceTree = "<group>"; };
		3D6C3100C37A517A86F79AAA /* Pods-treasurehunt.release.xcconfig */ = {isa = PBXFileReference; includeInIndex = 1; lastKnownFileType = text.xcconfig; name = "Pods-treasurehunt.release.xcconfig"; path = "Pods/Target Support Files/Pods-treasurehunt/Pods-treasurehunt.release.xcconfig"; sourceTree = "<group>"; };
		526ACA591D8F7EB300251431 /* AppDelegate.h */ = {isa = PBXFileReference; fileEncoding = 4; lastKnownFileType = sourcecode.c.h; name = AppDelegate.h; path = TreasureHunt/AppDelegate.h; sourceTree = "<group>"; };
		526ACA5A1D8F7EB300251431 /* AppDelegate.m */ = {isa = PBXFileReference; fileEncoding = 4; lastKnownFileType = sourcecode.c.objc; name = AppDelegate.m; path = TreasureHunt/AppDelegate.m; sourceTree = "<group>"; };
		526ACA5B1D8F7EB300251431 /* Base.lproj */ = {isa = PBXFileReference; lastKnownFileType = folder; name = Base.lproj; path = TreasureHunt/Base.lproj; sourceTree = "<group>"; };
		526ACA5C1D8F7EB300251431 /* Images.xcassets */ = {isa = PBXFileReference; lastKnownFileType = folder.assetcatalog; name = Images.xcassets; path = TreasureHunt/Images.xcassets; sourceTree = "<group>"; };
		526ACA5D1D8F7EB300251431 /* Info.plist */ = {isa = PBXFileReference; fileEncoding = 4; lastKnownFileType = text.plist.xml; name = Info.plist; path = TreasureHunt/Info.plist; sourceTree = "<group>"; };
		526ACA5E1D8F7EB300251431 /* main.m */ = {isa = PBXFileReference; fileEncoding = 4; lastKnownFileType = sourcecode.c.objc; name = main.m; path = TreasureHunt/main.m; sourceTree = "<group>"; };
		52A227C71D8F325B0066FD73 /* Bolts.framework */ = {isa = PBXFileReference; lastKnownFileType = wrapper.framework; path = Bolts.framework; sourceTree = "<group>"; };
		52D2D06C1D8F241400F294B8 /* Fabric.framework */ = {isa = PBXFileReference; lastKnownFileType = wrapper.framework; path = Fabric.framework; sourceTree = "<group>"; };
		52D2D06D1D8F241400F294B8 /* Crashlytics.framework */ = {isa = PBXFileReference; lastKnownFileType = wrapper.framework; path = Crashlytics.framework; sourceTree = "<group>"; };
		52D2D0841D8F275700F294B8 /* Verlag-Black.ttf */ = {isa = PBXFileReference; lastKnownFileType = file; path = "Verlag-Black.ttf"; sourceTree = "<group>"; };
		52D2D0851D8F275700F294B8 /* Verlag-BlackItalic.ttf */ = {isa = PBXFileReference; lastKnownFileType = file; path = "Verlag-BlackItalic.ttf"; sourceTree = "<group>"; };
		52D2D0861D8F275700F294B8 /* Verlag-Bold.ttf */ = {isa = PBXFileReference; lastKnownFileType = file; path = "Verlag-Bold.ttf"; sourceTree = "<group>"; };
		52D2D0871D8F275700F294B8 /* Verlag-BoldItalic.ttf */ = {isa = PBXFileReference; lastKnownFileType = file; path = "Verlag-BoldItalic.ttf"; sourceTree = "<group>"; };
		52D2D0881D8F275700F294B8 /* Verlag-Book.ttf */ = {isa = PBXFileReference; lastKnownFileType = file; path = "Verlag-Book.ttf"; sourceTree = "<group>"; };
		52D2D0891D8F275700F294B8 /* Verlag-BookItalic.ttf */ = {isa = PBXFileReference; lastKnownFileType = file; path = "Verlag-BookItalic.ttf"; sourceTree = "<group>"; };
		52D2D08A1D8F275700F294B8 /* Verlag-Light.ttf */ = {isa = PBXFileReference; lastKnownFileType = file; path = "Verlag-Light.ttf"; sourceTree = "<group>"; };
		52D2D08B1D8F275700F294B8 /* Verlag-LightItalic.ttf */ = {isa = PBXFileReference; lastKnownFileType = file; path = "Verlag-LightItalic.ttf"; sourceTree = "<group>"; };
		52D2D08C1D8F275700F294B8 /* Verlag-XLight.ttf */ = {isa = PBXFileReference; lastKnownFileType = file; path = "Verlag-XLight.ttf"; sourceTree = "<group>"; };
		52D2D08D1D8F275700F294B8 /* Verlag-XLightItalic.ttf */ = {isa = PBXFileReference; lastKnownFileType = file; path = "Verlag-XLightItalic.ttf"; sourceTree = "<group>"; };
		52D2D08E1D8F275700F294B8 /* VerlagCondensed-Black.ttf */ = {isa = PBXFileReference; lastKnownFileType = file; path = "VerlagCondensed-Black.ttf"; sourceTree = "<group>"; };
		52D2D08F1D8F275700F294B8 /* VerlagCondensed-BlackItalic.ttf */ = {isa = PBXFileReference; lastKnownFileType = file; path = "VerlagCondensed-BlackItalic.ttf"; sourceTree = "<group>"; };
		52D2D0901D8F275700F294B8 /* VerlagCondensed-Bold.ttf */ = {isa = PBXFileReference; lastKnownFileType = file; path = "VerlagCondensed-Bold.ttf"; sourceTree = "<group>"; };
		52D2D0911D8F275700F294B8 /* VerlagCondensed-BoldItalic.ttf */ = {isa = PBXFileReference; lastKnownFileType = file; path = "VerlagCondensed-BoldItalic.ttf"; sourceTree = "<group>"; };
		52D2D0921D8F275700F294B8 /* VerlagCondensed-Book.ttf */ = {isa = PBXFileReference; lastKnownFileType = file; path = "VerlagCondensed-Book.ttf"; sourceTree = "<group>"; };
		52D2D0931D8F275700F294B8 /* VerlagCondensed-BookItalic.ttf */ = {isa = PBXFileReference; lastKnownFileType = file; path = "VerlagCondensed-BookItalic.ttf"; sourceTree = "<group>"; };
		52D2D0941D8F275700F294B8 /* VerlagCondensed-Light.ttf */ = {isa = PBXFileReference; lastKnownFileType = file; path = "VerlagCondensed-Light.ttf"; sourceTree = "<group>"; };
		52D2D0951D8F275700F294B8 /* VerlagCondensed-LightItalic.ttf */ = {isa = PBXFileReference; lastKnownFileType = file; path = "VerlagCondensed-LightItalic.ttf"; sourceTree = "<group>"; };
		52D2D0961D8F275700F294B8 /* VerlagCondensed-XLight.ttf */ = {isa = PBXFileReference; lastKnownFileType = file; path = "VerlagCondensed-XLight.ttf"; sourceTree = "<group>"; };
		52D2D0A11D8F27A500F294B8 /* MuseoSlab.otf */ = {isa = PBXFileReference; lastKnownFileType = file; path = MuseoSlab.otf; sourceTree = "<group>"; };
		52D2D0AD1D8F27D500F294B8 /* GoogleService-Info.plist */ = {isa = PBXFileReference; fileEncoding = 4; lastKnownFileType = text.plist.xml; path = "GoogleService-Info.plist"; sourceTree = "<group>"; };
		52D2D0AF1D8F2E0000F294B8 /* RCTFBLogin.xcodeproj */ = {isa = PBXFileReference; lastKnownFileType = "wrapper.pb-project"; name = RCTFBLogin.xcodeproj; path = "../node_modules/react-native-facebook-login/RCTFBLogin.xcodeproj"; sourceTree = "<group>"; };
		52D2D0C21D8F2F5300F294B8 /* FBSDKCoreKit.framework */ = {isa = PBXFileReference; lastKnownFileType = wrapper.framework; name = FBSDKCoreKit.framework; path = "../node_modules/react-native-facebook-login/FacebookSDK/FBSDKCoreKit.framework"; sourceTree = "<group>"; };
		52D2D0C31D8F2F5300F294B8 /* FBSDKLoginKit.framework */ = {isa = PBXFileReference; lastKnownFileType = wrapper.framework; name = FBSDKLoginKit.framework; path = "../node_modules/react-native-facebook-login/FacebookSDK/FBSDKLoginKit.framework"; sourceTree = "<group>"; };
		52D2D0C41D8F2F5300F294B8 /* FBSDKShareKit.framework */ = {isa = PBXFileReference; lastKnownFileType = wrapper.framework; name = FBSDKShareKit.framework; path = "../node_modules/react-native-facebook-login/FacebookSDK/FBSDKShareKit.framework"; sourceTree = "<group>"; };
		52D2D0CE1D8F311E00F294B8 /* FBSDKCoreKit.framework */ = {isa = PBXFileReference; lastKnownFileType = wrapper.framework; path = FBSDKCoreKit.framework; sourceTree = "<group>"; };
		52D2D0CF1D8F311E00F294B8 /* FBSDKLoginKit.framework */ = {isa = PBXFileReference; lastKnownFileType = wrapper.framework; path = FBSDKLoginKit.framework; sourceTree = "<group>"; };
		52D2D0D01D8F311E00F294B8 /* FBSDKShareKit.framework */ = {isa = PBXFileReference; lastKnownFileType = wrapper.framework; path = FBSDKShareKit.framework; sourceTree = "<group>"; };
		5C33BCC4A4F435F262048F3A /* Pods-TreasureHunt.release.xcconfig */ = {isa = PBXFileReference; includeInIndex = 1; lastKnownFileType = text.xcconfig; name = "Pods-TreasureHunt.release.xcconfig"; path = "Pods/Target Support Files/Pods-TreasureHunt/Pods-TreasureHunt.release.xcconfig"; sourceTree = "<group>"; };
		78C398B01ACF4ADC00677621 /* RCTLinking.xcodeproj */ = {isa = PBXFileReference; lastKnownFileType = "wrapper.pb-project"; name = RCTLinking.xcodeproj; path = "../node_modules/react-native/Libraries/LinkingIOS/RCTLinking.xcodeproj"; sourceTree = "<group>"; };
		7C6E0C1147EF57A8002E05A8 /* Pods-TreasureHunt.debug.xcconfig */ = {isa = PBXFileReference; includeInIndex = 1; lastKnownFileType = text.xcconfig; name = "Pods-TreasureHunt.debug.xcconfig"; path = "Pods/Target Support Files/Pods-TreasureHunt/Pods-TreasureHunt.debug.xcconfig"; sourceTree = "<group>"; };
		832341B01AAA6A8300B99B32 /* RCTText.xcodeproj */ = {isa = PBXFileReference; lastKnownFileType = "wrapper.pb-project"; name = RCTText.xcodeproj; path = "../node_modules/react-native/Libraries/Text/RCTText.xcodeproj"; sourceTree = "<group>"; };
		9427220E81B1FE3EF95113E6 /* Pods-treasurehuntTests.release.xcconfig */ = {isa = PBXFileReference; includeInIndex = 1; lastKnownFileType = text.xcconfig; name = "Pods-treasurehuntTests.release.xcconfig"; path = "Pods/Target Support Files/Pods-treasurehuntTests/Pods-treasurehuntTests.release.xcconfig"; sourceTree = "<group>"; };
		AF841C81CB44B253915A0F90 /* libPods-Treasure Hunt.a */ = {isa = PBXFileReference; explicitFileType = archive.ar; includeInIndex = 0; path = "libPods-Treasure Hunt.a"; sourceTree = BUILT_PRODUCTS_DIR; };
		B77390DD881267AA933D1FB7 /* Pods-Treasure Hunt.release.xcconfig */ = {isa = PBXFileReference; includeInIndex = 1; lastKnownFileType = text.xcconfig; name = "Pods-Treasure Hunt.release.xcconfig"; path = "Pods/Target Support Files/Pods-Treasure Hunt/Pods-Treasure Hunt.release.xcconfig"; sourceTree = "<group>"; };
		F3B3D51944045AE374ED37D4 /* libPods-treasurehunt.a */ = {isa = PBXFileReference; explicitFileType = archive.ar; includeInIndex = 0; path = "libPods-treasurehunt.a"; sourceTree = BUILT_PRODUCTS_DIR; };
		FB6BFC37A9DA8A227671DC03 /* Pods-treasurehunt.debug.xcconfig */ = {isa = PBXFileReference; includeInIndex = 1; lastKnownFileType = text.xcconfig; name = "Pods-treasurehunt.debug.xcconfig"; path = "Pods/Target Support Files/Pods-treasurehunt/Pods-treasurehunt.debug.xcconfig"; sourceTree = "<group>"; };
/* End PBXFileReference section */

/* Begin PBXFrameworksBuildPhase section */
		13B07F8C1A680F5B00A75B9A /* Frameworks */ = {
			isa = PBXFrameworksBuildPhase;
			buildActionMask = 2147483647;
			files = (
				52D2D0B51D8F2E0C00F294B8 /* libRCTFBLogin.a in Frameworks */,
				146834051AC3E58100842450 /* libReact.a in Frameworks */,
				52D2D0D31D8F311E00F294B8 /* FBSDKShareKit.framework in Frameworks */,
				00C302E51ABCBA2D00DB3ED1 /* libRCTActionSheet.a in Frameworks */,
				00C302E71ABCBA2D00DB3ED1 /* libRCTGeolocation.a in Frameworks */,
				00C302E81ABCBA2D00DB3ED1 /* libRCTImage.a in Frameworks */,
				133E29F31AD74F7200F7D852 /* libRCTLinking.a in Frameworks */,
				00C302E91ABCBA2D00DB3ED1 /* libRCTNetwork.a in Frameworks */,
				139105C61AF99C1200B5F7CC /* libRCTSettings.a in Frameworks */,
				832341BD1AAA6AB300B99B32 /* libRCTText.a in Frameworks */,
				00C302EA1ABCBA2D00DB3ED1 /* libRCTVibration.a in Frameworks */,
				52D2D0D11D8F311E00F294B8 /* FBSDKCoreKit.framework in Frameworks */,
				139FDEF61B0652A700C62182 /* libRCTWebSocket.a in Frameworks */,
				52D2D06F1D8F241400F294B8 /* Crashlytics.framework in Frameworks */,
				52D2D06E1D8F241400F294B8 /* Fabric.framework in Frameworks */,
				52A227C81D8F325B0066FD73 /* Bolts.framework in Frameworks */,
				52D2D0D21D8F311E00F294B8 /* FBSDKLoginKit.framework in Frameworks */,
				2F4BB8A81D803C5A873BF8A4 /* libPods-TreasureHunt.a in Frameworks */,
			);
			runOnlyForDeploymentPostprocessing = 0;
		};
/* End PBXFrameworksBuildPhase section */

/* Begin PBXGroup section */
		00C302A81ABCB8CE00DB3ED1 /* Products */ = {
			isa = PBXGroup;
			children = (
				00C302AC1ABCB8CE00DB3ED1 /* libRCTActionSheet.a */,
			);
			name = Products;
			sourceTree = "<group>";
		};
		00C302B61ABCB90400DB3ED1 /* Products */ = {
			isa = PBXGroup;
			children = (
				00C302BA1ABCB90400DB3ED1 /* libRCTGeolocation.a */,
			);
			name = Products;
			sourceTree = "<group>";
		};
		00C302BC1ABCB91800DB3ED1 /* Products */ = {
			isa = PBXGroup;
			children = (
				00C302C01ABCB91800DB3ED1 /* libRCTImage.a */,
			);
			name = Products;
			sourceTree = "<group>";
		};
		00C302D41ABCB9D200DB3ED1 /* Products */ = {
			isa = PBXGroup;
			children = (
				00C302DC1ABCB9D200DB3ED1 /* libRCTNetwork.a */,
			);
			name = Products;
			sourceTree = "<group>";
		};
		00C302E01ABCB9EE00DB3ED1 /* Products */ = {
			isa = PBXGroup;
			children = (
				00C302E41ABCB9EE00DB3ED1 /* libRCTVibration.a */,
			);
			name = Products;
			sourceTree = "<group>";
		};
		139105B71AF99BAD00B5F7CC /* Products */ = {
			isa = PBXGroup;
			children = (
				139105C11AF99BAD00B5F7CC /* libRCTSettings.a */,
			);
			name = Products;
			sourceTree = "<group>";
		};
		139FDEE71B06529A00C62182 /* Products */ = {
			isa = PBXGroup;
			children = (
				139FDEF41B06529B00C62182 /* libRCTWebSocket.a */,
			);
			name = Products;
			sourceTree = "<group>";
		};
		146834001AC3E56700842450 /* Products */ = {
			isa = PBXGroup;
			children = (
				146834041AC3E56700842450 /* libReact.a */,
			);
			name = Products;
			sourceTree = "<group>";
		};
		4DF18C48A55FA4EA1782E028 /* Pods */ = {
			isa = PBXGroup;
			children = (
				FB6BFC37A9DA8A227671DC03 /* Pods-treasurehunt.debug.xcconfig */,
				3D6C3100C37A517A86F79AAA /* Pods-treasurehunt.release.xcconfig */,
				16AD41EE5CD870C17BFE39EA /* Pods-treasurehuntTests.debug.xcconfig */,
				9427220E81B1FE3EF95113E6 /* Pods-treasurehuntTests.release.xcconfig */,
				346C8F9411A7C8F317AA5D47 /* Pods-Treasure Hunt.debug.xcconfig */,
				B77390DD881267AA933D1FB7 /* Pods-Treasure Hunt.release.xcconfig */,
				7C6E0C1147EF57A8002E05A8 /* Pods-TreasureHunt.debug.xcconfig */,
				5C33BCC4A4F435F262048F3A /* Pods-TreasureHunt.release.xcconfig */,
			);
			name = Pods;
			sourceTree = "<group>";
		};
		52A8365D1D8F3C7300AD7143 /* TreasureHunt */ = {
			isa = PBXGroup;
			children = (
				526ACA591D8F7EB300251431 /* AppDelegate.h */,
				526ACA5A1D8F7EB300251431 /* AppDelegate.m */,
				526ACA5B1D8F7EB300251431 /* Base.lproj */,
				526ACA5C1D8F7EB300251431 /* Images.xcassets */,
				526ACA5D1D8F7EB300251431 /* Info.plist */,
				526ACA5E1D8F7EB300251431 /* main.m */,
			);
			name = TreasureHunt;
			sourceTree = "<group>";
		};
		52D2D0AC1D8F27AA00F294B8 /* Fonts */ = {
			isa = PBXGroup;
			children = (
				52D2D0A11D8F27A500F294B8 /* MuseoSlab.otf */,
				52D2D0841D8F275700F294B8 /* Verlag-Black.ttf */,
				52D2D0851D8F275700F294B8 /* Verlag-BlackItalic.ttf */,
				52D2D0861D8F275700F294B8 /* Verlag-Bold.ttf */,
				52D2D0871D8F275700F294B8 /* Verlag-BoldItalic.ttf */,
				52D2D0881D8F275700F294B8 /* Verlag-Book.ttf */,
				52D2D0891D8F275700F294B8 /* Verlag-BookItalic.ttf */,
				52D2D08A1D8F275700F294B8 /* Verlag-Light.ttf */,
				52D2D08B1D8F275700F294B8 /* Verlag-LightItalic.ttf */,
				52D2D08C1D8F275700F294B8 /* Verlag-XLight.ttf */,
				52D2D08D1D8F275700F294B8 /* Verlag-XLightItalic.ttf */,
				52D2D08E1D8F275700F294B8 /* VerlagCondensed-Black.ttf */,
				52D2D08F1D8F275700F294B8 /* VerlagCondensed-BlackItalic.ttf */,
				52D2D0901D8F275700F294B8 /* VerlagCondensed-Bold.ttf */,
				52D2D0911D8F275700F294B8 /* VerlagCondensed-BoldItalic.ttf */,
				52D2D0921D8F275700F294B8 /* VerlagCondensed-Book.ttf */,
				52D2D0931D8F275700F294B8 /* VerlagCondensed-BookItalic.ttf */,
				52D2D0941D8F275700F294B8 /* VerlagCondensed-Light.ttf */,
				52D2D0951D8F275700F294B8 /* VerlagCondensed-LightItalic.ttf */,
				52D2D0961D8F275700F294B8 /* VerlagCondensed-XLight.ttf */,
			);
			name = Fonts;
			sourceTree = "<group>";
		};
		52D2D0B01D8F2E0000F294B8 /* Products */ = {
			isa = PBXGroup;
			children = (
				52D2D0B41D8F2E0000F294B8 /* libRCTFBLogin.a */,
			);
			name = Products;
			sourceTree = "<group>";
		};
		5A4C6B7DAF2EAA8408DDF0A4 /* Frameworks */ = {
			isa = PBXGroup;
			children = (
				52D2D0C21D8F2F5300F294B8 /* FBSDKCoreKit.framework */,
				52D2D0C31D8F2F5300F294B8 /* FBSDKLoginKit.framework */,
				52D2D0C41D8F2F5300F294B8 /* FBSDKShareKit.framework */,
				F3B3D51944045AE374ED37D4 /* libPods-treasurehunt.a */,
				2DFC0693F465DFD0ADE87517 /* libPods-treasurehuntTests.a */,
				AF841C81CB44B253915A0F90 /* libPods-Treasure Hunt.a */,
				2B7C0C590C0050E4EAE575B9 /* libPods-TreasureHunt.a */,
			);
			name = Frameworks;
			sourceTree = "<group>";
		};
		78C398B11ACF4ADC00677621 /* Products */ = {
			isa = PBXGroup;
			children = (
				78C398B91ACF4ADC00677621 /* libRCTLinking.a */,
			);
			name = Products;
			sourceTree = "<group>";
		};
		832341AE1AAA6A7D00B99B32 /* Libraries */ = {
			isa = PBXGroup;
			children = (
				52A227C71D8F325B0066FD73 /* Bolts.framework */,
				52D2D0CE1D8F311E00F294B8 /* FBSDKCoreKit.framework */,
				52D2D0CF1D8F311E00F294B8 /* FBSDKLoginKit.framework */,
				52D2D0D01D8F311E00F294B8 /* FBSDKShareKit.framework */,
				52D2D0AF1D8F2E0000F294B8 /* RCTFBLogin.xcodeproj */,
				146833FF1AC3E56700842450 /* React.xcodeproj */,
				00C302A71ABCB8CE00DB3ED1 /* RCTActionSheet.xcodeproj */,
				00C302B51ABCB90400DB3ED1 /* RCTGeolocation.xcodeproj */,
				00C302BB1ABCB91800DB3ED1 /* RCTImage.xcodeproj */,
				78C398B01ACF4ADC00677621 /* RCTLinking.xcodeproj */,
				00C302D31ABCB9D200DB3ED1 /* RCTNetwork.xcodeproj */,
				139105B61AF99BAD00B5F7CC /* RCTSettings.xcodeproj */,
				832341B01AAA6A8300B99B32 /* RCTText.xcodeproj */,
				00C302DF1ABCB9EE00DB3ED1 /* RCTVibration.xcodeproj */,
				139FDEE61B06529A00C62182 /* RCTWebSocket.xcodeproj */,
			);
			name = Libraries;
			sourceTree = "<group>";
		};
		832341B11AAA6A8300B99B32 /* Products */ = {
			isa = PBXGroup;
			children = (
				832341B51AAA6A8300B99B32 /* libRCTText.a */,
			);
			name = Products;
			sourceTree = "<group>";
		};
		83CBB9F61A601CBA00E9B192 = {
			isa = PBXGroup;
			children = (
				52A8365D1D8F3C7300AD7143 /* TreasureHunt */,
				52D2D0AD1D8F27D500F294B8 /* GoogleService-Info.plist */,
				832341AE1AAA6A7D00B99B32 /* Libraries */,
				52D2D0AC1D8F27AA00F294B8 /* Fonts */,
				83CBBA001A601CBA00E9B192 /* Products */,
				52D2D06C1D8F241400F294B8 /* Fabric.framework */,
				52D2D06D1D8F241400F294B8 /* Crashlytics.framework */,
				4DF18C48A55FA4EA1782E028 /* Pods */,
				5A4C6B7DAF2EAA8408DDF0A4 /* Frameworks */,
			);
			indentWidth = 2;
			sourceTree = "<group>";
			tabWidth = 2;
		};
		83CBBA001A601CBA00E9B192 /* Products */ = {
			isa = PBXGroup;
			children = (
				13B07F961A680F5B00A75B9A /* TreasureHunt.app */,
			);
			name = Products;
			sourceTree = "<group>";
		};
/* End PBXGroup section */

/* Begin PBXNativeTarget section */
		13B07F861A680F5B00A75B9A /* TreasureHunt */ = {
			isa = PBXNativeTarget;
			buildConfigurationList = 13B07F931A680F5B00A75B9A /* Build configuration list for PBXNativeTarget "TreasureHunt" */;
			buildPhases = (
				008F95C4385EC1BDD85C432F /* [CP] Check Pods Manifest.lock */,
				13B07F871A680F5B00A75B9A /* Sources */,
				13B07F8C1A680F5B00A75B9A /* Frameworks */,
				13B07F8E1A680F5B00A75B9A /* Resources */,
				00DD1BFF1BD5951E006B06BC /* Bundle React Native code and images */,
				52D2D06B1D8F23D600F294B8 /* ShellScript */,
				949506FDFF9912414BEDBD2F /* [CP] Embed Pods Frameworks */,
				8784EEC74F3C90DDD5CBF24D /* [CP] Copy Pods Resources */,
			);
			buildRules = (
			);
			dependencies = (
			);
			name = TreasureHunt;
			productName = "Hello World";
			productReference = 13B07F961A680F5B00A75B9A /* TreasureHunt.app */;
			productType = "com.apple.product-type.application";
		};
/* End PBXNativeTarget section */

/* Begin PBXProject section */
		83CBB9F71A601CBA00E9B192 /* Project object */ = {
			isa = PBXProject;
			attributes = {
				LastUpgradeCheck = 0610;
				ORGANIZATIONNAME = Facebook;
			};
			buildConfigurationList = 83CBB9FA1A601CBA00E9B192 /* Build configuration list for PBXProject "TreasureHunt" */;
			compatibilityVersion = "Xcode 3.2";
			developmentRegion = English;
			hasScannedForEncodings = 0;
			knownRegions = (
				en,
				Base,
			);
			mainGroup = 83CBB9F61A601CBA00E9B192;
			productRefGroup = 83CBBA001A601CBA00E9B192 /* Products */;
			projectDirPath = "";
			projectReferences = (
				{
					ProductGroup = 00C302A81ABCB8CE00DB3ED1 /* Products */;
					ProjectRef = 00C302A71ABCB8CE00DB3ED1 /* RCTActionSheet.xcodeproj */;
				},
				{
					ProductGroup = 52D2D0B01D8F2E0000F294B8 /* Products */;
					ProjectRef = 52D2D0AF1D8F2E0000F294B8 /* RCTFBLogin.xcodeproj */;
				},
				{
					ProductGroup = 00C302B61ABCB90400DB3ED1 /* Products */;
					ProjectRef = 00C302B51ABCB90400DB3ED1 /* RCTGeolocation.xcodeproj */;
				},
				{
					ProductGroup = 00C302BC1ABCB91800DB3ED1 /* Products */;
					ProjectRef = 00C302BB1ABCB91800DB3ED1 /* RCTImage.xcodeproj */;
				},
				{
					ProductGroup = 78C398B11ACF4ADC00677621 /* Products */;
					ProjectRef = 78C398B01ACF4ADC00677621 /* RCTLinking.xcodeproj */;
				},
				{
					ProductGroup = 00C302D41ABCB9D200DB3ED1 /* Products */;
					ProjectRef = 00C302D31ABCB9D200DB3ED1 /* RCTNetwork.xcodeproj */;
				},
				{
					ProductGroup = 139105B71AF99BAD00B5F7CC /* Products */;
					ProjectRef = 139105B61AF99BAD00B5F7CC /* RCTSettings.xcodeproj */;
				},
				{
					ProductGroup = 832341B11AAA6A8300B99B32 /* Products */;
					ProjectRef = 832341B01AAA6A8300B99B32 /* RCTText.xcodeproj */;
				},
				{
					ProductGroup = 00C302E01ABCB9EE00DB3ED1 /* Products */;
					ProjectRef = 00C302DF1ABCB9EE00DB3ED1 /* RCTVibration.xcodeproj */;
				},
				{
					ProductGroup = 139FDEE71B06529A00C62182 /* Products */;
					ProjectRef = 139FDEE61B06529A00C62182 /* RCTWebSocket.xcodeproj */;
				},
				{
					ProductGroup = 146834001AC3E56700842450 /* Products */;
					ProjectRef = 146833FF1AC3E56700842450 /* React.xcodeproj */;
				},
			);
			projectRoot = "";
			targets = (
				13B07F861A680F5B00A75B9A /* TreasureHunt */,
			);
		};
/* End PBXProject section */

/* Begin PBXReferenceProxy section */
		00C302AC1ABCB8CE00DB3ED1 /* libRCTActionSheet.a */ = {
			isa = PBXReferenceProxy;
			fileType = archive.ar;
			path = libRCTActionSheet.a;
			remoteRef = 00C302AB1ABCB8CE00DB3ED1 /* PBXContainerItemProxy */;
			sourceTree = BUILT_PRODUCTS_DIR;
		};
		00C302BA1ABCB90400DB3ED1 /* libRCTGeolocation.a */ = {
			isa = PBXReferenceProxy;
			fileType = archive.ar;
			path = libRCTGeolocation.a;
			remoteRef = 00C302B91ABCB90400DB3ED1 /* PBXContainerItemProxy */;
			sourceTree = BUILT_PRODUCTS_DIR;
		};
		00C302C01ABCB91800DB3ED1 /* libRCTImage.a */ = {
			isa = PBXReferenceProxy;
			fileType = archive.ar;
			path = libRCTImage.a;
			remoteRef = 00C302BF1ABCB91800DB3ED1 /* PBXContainerItemProxy */;
			sourceTree = BUILT_PRODUCTS_DIR;
		};
		00C302DC1ABCB9D200DB3ED1 /* libRCTNetwork.a */ = {
			isa = PBXReferenceProxy;
			fileType = archive.ar;
			path = libRCTNetwork.a;
			remoteRef = 00C302DB1ABCB9D200DB3ED1 /* PBXContainerItemProxy */;
			sourceTree = BUILT_PRODUCTS_DIR;
		};
		00C302E41ABCB9EE00DB3ED1 /* libRCTVibration.a */ = {
			isa = PBXReferenceProxy;
			fileType = archive.ar;
			path = libRCTVibration.a;
			remoteRef = 00C302E31ABCB9EE00DB3ED1 /* PBXContainerItemProxy */;
			sourceTree = BUILT_PRODUCTS_DIR;
		};
		139105C11AF99BAD00B5F7CC /* libRCTSettings.a */ = {
			isa = PBXReferenceProxy;
			fileType = archive.ar;
			path = libRCTSettings.a;
			remoteRef = 139105C01AF99BAD00B5F7CC /* PBXContainerItemProxy */;
			sourceTree = BUILT_PRODUCTS_DIR;
		};
		139FDEF41B06529B00C62182 /* libRCTWebSocket.a */ = {
			isa = PBXReferenceProxy;
			fileType = archive.ar;
			path = libRCTWebSocket.a;
			remoteRef = 139FDEF31B06529B00C62182 /* PBXContainerItemProxy */;
			sourceTree = BUILT_PRODUCTS_DIR;
		};
		146834041AC3E56700842450 /* libReact.a */ = {
			isa = PBXReferenceProxy;
			fileType = archive.ar;
			path = libReact.a;
			remoteRef = 146834031AC3E56700842450 /* PBXContainerItemProxy */;
			sourceTree = BUILT_PRODUCTS_DIR;
		};
		52D2D0B41D8F2E0000F294B8 /* libRCTFBLogin.a */ = {
			isa = PBXReferenceProxy;
			fileType = archive.ar;
			path = libRCTFBLogin.a;
			remoteRef = 52D2D0B31D8F2E0000F294B8 /* PBXContainerItemProxy */;
			sourceTree = BUILT_PRODUCTS_DIR;
		};
		78C398B91ACF4ADC00677621 /* libRCTLinking.a */ = {
			isa = PBXReferenceProxy;
			fileType = archive.ar;
			path = libRCTLinking.a;
			remoteRef = 78C398B81ACF4ADC00677621 /* PBXContainerItemProxy */;
			sourceTree = BUILT_PRODUCTS_DIR;
		};
		832341B51AAA6A8300B99B32 /* libRCTText.a */ = {
			isa = PBXReferenceProxy;
			fileType = archive.ar;
			path = libRCTText.a;
			remoteRef = 832341B41AAA6A8300B99B32 /* PBXContainerItemProxy */;
			sourceTree = BUILT_PRODUCTS_DIR;
		};
/* End PBXReferenceProxy section */

/* Begin PBXResourcesBuildPhase section */
		13B07F8E1A680F5B00A75B9A /* Resources */ = {
			isa = PBXResourcesBuildPhase;
			buildActionMask = 2147483647;
			files = (
				52CC17F11D8F415600BAB55C /* MuseoSlab.otf in Resources */,
				52CC17F21D8F415600BAB55C /* Verlag-Black.ttf in Resources */,
				52CC17F31D8F415600BAB55C /* Verlag-BlackItalic.ttf in Resources */,
				526ACA611D8F7EB300251431 /* Images.xcassets in Resources */,
				52CC17F41D8F415600BAB55C /* Verlag-Bold.ttf in Resources */,
				52CC17F51D8F415600BAB55C /* Verlag-BoldItalic.ttf in Resources */,
				52CC17F61D8F415600BAB55C /* Verlag-Book.ttf in Resources */,
				52CC17F71D8F415600BAB55C /* Verlag-BookItalic.ttf in Resources */,
				526ACA601D8F7EB300251431 /* Base.lproj in Resources */,
				52CC17F81D8F415600BAB55C /* Verlag-Light.ttf in Resources */,
				52CC17F91D8F415600BAB55C /* Verlag-LightItalic.ttf in Resources */,
				52CC17FA1D8F415600BAB55C /* Verlag-XLight.ttf in Resources */,
				52CC17FB1D8F415600BAB55C /* Verlag-XLightItalic.ttf in Resources */,
				52CC17FC1D8F415600BAB55C /* VerlagCondensed-Black.ttf in Resources */,
				52CC17FD1D8F415600BAB55C /* VerlagCondensed-BlackItalic.ttf in Resources */,
				52CC17FE1D8F415600BAB55C /* VerlagCondensed-Bold.ttf in Resources */,
				52CC17FF1D8F415600BAB55C /* VerlagCondensed-BoldItalic.ttf in Resources */,
				52CC18001D8F415600BAB55C /* VerlagCondensed-Book.ttf in Resources */,
				52CC18011D8F415600BAB55C /* VerlagCondensed-BookItalic.ttf in Resources */,
				52CC18021D8F415600BAB55C /* VerlagCondensed-Light.ttf in Resources */,
				526ACA621D8F7EB300251431 /* Info.plist in Resources */,
				52CC18031D8F415600BAB55C /* VerlagCondensed-LightItalic.ttf in Resources */,
				52CC18041D8F415600BAB55C /* VerlagCondensed-XLight.ttf in Resources */,
				52D2D0AE1D8F27D500F294B8 /* GoogleService-Info.plist in Resources */,
			);
			runOnlyForDeploymentPostprocessing = 0;
		};
/* End PBXResourcesBuildPhase section */

/* Begin PBXShellScriptBuildPhase section */
		008F95C4385EC1BDD85C432F /* [CP] Check Pods Manifest.lock */ = {
			isa = PBXShellScriptBuildPhase;
			buildActionMask = 2147483647;
			files = (
			);
			inputPaths = (
			);
			name = "[CP] Check Pods Manifest.lock";
			outputPaths = (
			);
			runOnlyForDeploymentPostprocessing = 0;
			shellPath = /bin/sh;
			shellScript = "diff \"${PODS_ROOT}/../Podfile.lock\" \"${PODS_ROOT}/Manifest.lock\" > /dev/null\nif [[ $? != 0 ]] ; then\n    cat << EOM\nerror: The sandbox is not in sync with the Podfile.lock. Run 'pod install' or update your CocoaPods installation.\nEOM\n    exit 1\nfi\n";
			showEnvVarsInLog = 0;
		};
		00DD1BFF1BD5951E006B06BC /* Bundle React Native code and images */ = {
			isa = PBXShellScriptBuildPhase;
			buildActionMask = 2147483647;
			files = (
			);
			inputPaths = (
			);
			name = "Bundle React Native code and images";
			outputPaths = (
			);
			runOnlyForDeploymentPostprocessing = 0;
			shellPath = /bin/sh;
			shellScript = "export NODE_BINARY=node\n../node_modules/react-native/packager/react-native-xcode.sh";
		};
		52D2D06B1D8F23D600F294B8 /* ShellScript */ = {
			isa = PBXShellScriptBuildPhase;
			buildActionMask = 2147483647;
			files = (
			);
			inputPaths = (
			);
			outputPaths = (
			);
			runOnlyForDeploymentPostprocessing = 0;
			shellPath = /bin/sh;
			shellScript = "./Fabric.framework/run 46ee2b2494200fc37080231a2cfd401866e5ae25 22bf5c454bec8c3bf4d7dcb6ce678e6bddc19983aa1c043f920da08ef84e068c";
		};
		8784EEC74F3C90DDD5CBF24D /* [CP] Copy Pods Resources */ = {
			isa = PBXShellScriptBuildPhase;
			buildActionMask = 2147483647;
			files = (
			);
			inputPaths = (
			);
			name = "[CP] Copy Pods Resources";
			outputPaths = (
			);
			runOnlyForDeploymentPostprocessing = 0;
			shellPath = /bin/sh;
			shellScript = "\"${SRCROOT}/Pods/Target Support Files/Pods-TreasureHunt/Pods-TreasureHunt-resources.sh\"\n";
			showEnvVarsInLog = 0;
		};
		949506FDFF9912414BEDBD2F /* [CP] Embed Pods Frameworks */ = {
			isa = PBXShellScriptBuildPhase;
			buildActionMask = 2147483647;
			files = (
			);
			inputPaths = (
			);
			name = "[CP] Embed Pods Frameworks";
			outputPaths = (
			);
			runOnlyForDeploymentPostprocessing = 0;
			shellPath = /bin/sh;
			shellScript = "\"${SRCROOT}/Pods/Target Support Files/Pods-TreasureHunt/Pods-TreasureHunt-frameworks.sh\"\n";
			showEnvVarsInLog = 0;
		};
/* End PBXShellScriptBuildPhase section */

/* Begin PBXSourcesBuildPhase section */
		13B07F871A680F5B00A75B9A /* Sources */ = {
			isa = PBXSourcesBuildPhase;
			buildActionMask = 2147483647;
			files = (
				526ACA631D8F7EB300251431 /* main.m in Sources */,
				526ACA5F1D8F7EB300251431 /* AppDelegate.m in Sources */,
			);
			runOnlyForDeploymentPostprocessing = 0;
		};
/* End PBXSourcesBuildPhase section */

/* Begin XCBuildConfiguration section */
		13B07F941A680F5B00A75B9A /* Debug */ = {
			isa = XCBuildConfiguration;
			baseConfigurationReference = 7C6E0C1147EF57A8002E05A8 /* Pods-TreasureHunt.debug.xcconfig */;
			buildSettings = {
				ASSETCATALOG_COMPILER_APPICON_NAME = AppIcon;
				DEAD_CODE_STRIPPING = NO;
				FRAMEWORK_SEARCH_PATHS = (
					"$(inherited)",
					"$(PROJECT_DIR)",
				);
				HEADER_SEARCH_PATHS = (
					"$(inherited)",
					/Applications/Xcode.app/Contents/Developer/Toolchains/XcodeDefault.xctoolchain/usr/include,
					"$(SRCROOT)/../node_modules/react-native/React/**",
				);
				INFOPLIST_FILE = "$(SRCROOT)/TreasureHunt/Info.plist";
				LD_RUNPATH_SEARCH_PATHS = "$(inherited) @executable_path/Frameworks";
				OTHER_LDFLAGS = (
					"$(inherited)",
					"-ObjC",
					"-lc++",
				);
				PRODUCT_NAME = TreasureHunt;
			};
			name = Debug;
		};
		13B07F951A680F5B00A75B9A /* Release */ = {
			isa = XCBuildConfiguration;
			baseConfigurationReference = 5C33BCC4A4F435F262048F3A /* Pods-TreasureHunt.release.xcconfig */;
			buildSettings = {
				ASSETCATALOG_COMPILER_APPICON_NAME = AppIcon;
				FRAMEWORK_SEARCH_PATHS = (
					"$(inherited)",
					"$(PROJECT_DIR)",
				);
				HEADER_SEARCH_PATHS = (
					"$(inherited)",
					/Applications/Xcode.app/Contents/Developer/Toolchains/XcodeDefault.xctoolchain/usr/include,
					"$(SRCROOT)/../node_modules/react-native/React/**",
				);
				INFOPLIST_FILE = "$(SRCROOT)/TreasureHunt/Info.plist";
				LD_RUNPATH_SEARCH_PATHS = "$(inherited) @executable_path/Frameworks";
				OTHER_LDFLAGS = (
					"$(inherited)",
					"-ObjC",
					"-lc++",
				);
				PRODUCT_NAME = TreasureHunt;
			};
			name = Release;
		};
		83CBBA201A601CBA00E9B192 /* Debug */ = {
			isa = XCBuildConfiguration;
			buildSettings = {
				ALWAYS_SEARCH_USER_PATHS = NO;
				CLANG_CXX_LANGUAGE_STANDARD = "gnu++0x";
				CLANG_CXX_LIBRARY = "libc++";
				CLANG_ENABLE_MODULES = YES;
				CLANG_ENABLE_OBJC_ARC = YES;
				CLANG_WARN_BOOL_CONVERSION = YES;
				CLANG_WARN_CONSTANT_CONVERSION = YES;
				CLANG_WARN_DIRECT_OBJC_ISA_USAGE = YES_ERROR;
				CLANG_WARN_EMPTY_BODY = YES;
				CLANG_WARN_ENUM_CONVERSION = YES;
				CLANG_WARN_INT_CONVERSION = YES;
				CLANG_WARN_OBJC_ROOT_CLASS = YES_ERROR;
				CLANG_WARN_UNREACHABLE_CODE = YES;
				CLANG_WARN__DUPLICATE_METHOD_MATCH = YES;
				"CODE_SIGN_IDENTITY[sdk=iphoneos*]" = "iPhone Developer";
				COPY_PHASE_STRIP = NO;
				ENABLE_STRICT_OBJC_MSGSEND = YES;
				GCC_C_LANGUAGE_STANDARD = gnu99;
				GCC_DYNAMIC_NO_PIC = NO;
				GCC_OPTIMIZATION_LEVEL = 0;
				GCC_PREPROCESSOR_DEFINITIONS = (
					"DEBUG=1",
					"$(inherited)",
				);
				GCC_SYMBOLS_PRIVATE_EXTERN = NO;
				GCC_WARN_64_TO_32_BIT_CONVERSION = YES;
				GCC_WARN_ABOUT_RETURN_TYPE = YES_ERROR;
				GCC_WARN_UNDECLARED_SELECTOR = YES;
				GCC_WARN_UNINITIALIZED_AUTOS = YES_AGGRESSIVE;
				GCC_WARN_UNUSED_FUNCTION = YES;
				GCC_WARN_UNUSED_VARIABLE = YES;
				HEADER_SEARCH_PATHS = (
					"$(inherited)",
					/Applications/Xcode.app/Contents/Developer/Toolchains/XcodeDefault.xctoolchain/usr/include,
					"$(SRCROOT)/../node_modules/react-native/React/**",
				);
				IPHONEOS_DEPLOYMENT_TARGET = 7.0;
				MTL_ENABLE_DEBUG_INFO = YES;
				ONLY_ACTIVE_ARCH = YES;
				SDKROOT = iphoneos;
			};
			name = Debug;
		};
		83CBBA211A601CBA00E9B192 /* Release */ = {
			isa = XCBuildConfiguration;
			buildSettings = {
				ALWAYS_SEARCH_USER_PATHS = NO;
				CLANG_CXX_LANGUAGE_STANDARD = "gnu++0x";
				CLANG_CXX_LIBRARY = "libc++";
				CLANG_ENABLE_MODULES = YES;
				CLANG_ENABLE_OBJC_ARC = YES;
				CLANG_WARN_BOOL_CONVERSION = YES;
				CLANG_WARN_CONSTANT_CONVERSION = YES;
				CLANG_WARN_DIRECT_OBJC_ISA_USAGE = YES_ERROR;
				CLANG_WARN_EMPTY_BODY = YES;
				CLANG_WARN_ENUM_CONVERSION = YES;
				CLANG_WARN_INT_CONVERSION = YES;
				CLANG_WARN_OBJC_ROOT_CLASS = YES_ERROR;
				CLANG_WARN_UNREACHABLE_CODE = YES;
				CLANG_WARN__DUPLICATE_METHOD_MATCH = YES;
				"CODE_SIGN_IDENTITY[sdk=iphoneos*]" = "iPhone Developer";
				COPY_PHASE_STRIP = YES;
				ENABLE_NS_ASSERTIONS = NO;
				ENABLE_STRICT_OBJC_MSGSEND = YES;
				GCC_C_LANGUAGE_STANDARD = gnu99;
				GCC_WARN_64_TO_32_BIT_CONVERSION = YES;
				GCC_WARN_ABOUT_RETURN_TYPE = YES_ERROR;
				GCC_WARN_UNDECLARED_SELECTOR = YES;
				GCC_WARN_UNINITIALIZED_AUTOS = YES_AGGRESSIVE;
				GCC_WARN_UNUSED_FUNCTION = YES;
				GCC_WARN_UNUSED_VARIABLE = YES;
				HEADER_SEARCH_PATHS = (
					"$(inherited)",
					/Applications/Xcode.app/Contents/Developer/Toolchains/XcodeDefault.xctoolchain/usr/include,
					"$(SRCROOT)/../node_modules/react-native/React/**",
				);
				IPHONEOS_DEPLOYMENT_TARGET = 7.0;
				MTL_ENABLE_DEBUG_INFO = NO;
				SDKROOT = iphoneos;
				VALIDATE_PRODUCT = YES;
			};
			name = Release;
		};
/* End XCBuildConfiguration section */

/* Begin XCConfigurationList section */
		13B07F931A680F5B00A75B9A /* Build configuration list for PBXNativeTarget "TreasureHunt" */ = {
			isa = XCConfigurationList;
			buildConfigurations = (
				13B07F941A680F5B00A75B9A /* Debug */,
				13B07F951A680F5B00A75B9A /* Release */,
			);
			defaultConfigurationIsVisible = 0;
			defaultConfigurationName = Release;
		};
		83CBB9FA1A601CBA00E9B192 /* Build configuration list for PBXProject "TreasureHunt" */ = {
			isa = XCConfigurationList;
			buildConfigurations = (
				83CBBA201A601CBA00E9B192 /* Debug */,
				83CBBA211A601CBA00E9B192 /* Release */,
			);
			defaultConfigurationIsVisible = 0;
			defaultConfigurationName = Release;
		};
/* End XCConfigurationList section */
	};
	rootObject = 83CBB9F71A601CBA00E9B192 /* Project object */;
}
